
Microsoft Visual Studio Solution File, Format Version 12.00
# Visual Studio Version 17
VisualStudioVersion = 17.8.34525.116
MinimumVisualStudioVersion = 10.0.40219.1
Project("{FAE04EC0-301F-11D3-BF4B-00C04F79EFBC}") = "Lab2Q2", "Lab2Q2\Lab2Q2.csproj", "{F2C3484A-45EF-4393-8260-1AB19FD305D0}"
EndProject
Global
	GlobalSection(SolutionConfigurationPlatforms) = preSolution
		Debug|Any CPU = Debug|Any CPU
		Release|Any CPU = Release|Any CPU
	EndGlobalSection
	GlobalSection(ProjectConfigurationPlatforms) = postSolution
		{F2C3484A-45EF-4393-8260-1AB19FD305D0}.Debug|Any CPU.ActiveCfg = Debug|Any CPU
		{F2C3484A-45EF-4393-8260-1AB19FD305D0}.Debug|Any CPU.Build.0 = Debug|Any CPU
		{F2C3484A-45EF-4393-8260-1AB19FD305D0}.Release|Any CPU.ActiveCfg = Release|Any CPU
		{F2C3484A-45EF-4393-8260-1AB19FD305D0}.Release|Any CPU.Build.0 = Release|Any CPU
	EndGlobalSection
	GlobalSection(SolutionProperties) = preSolution
		HideSolutionNode = FALSE
	EndGlobalSection
	GlobalSection(ExtensibilityGlobals) = postSolution
		SolutionGuid = {EC60FA25-29C8-495C-B4EC-D896E2A40877}
	EndGlobalSection
EndGlobal
